
Microsoft Visual Studio Solution File, Format Version 12.00
# Visual Studio 15
VisualStudioVersion = 15.0.26430.12
MinimumVisualStudioVersion = 10.0.40219.1
Project("{FAE04EC0-301F-11D3-BF4B-00C04F79EFBC}") = "ControlExplorer.Droid", "ControlExplorer\ControlExplorer.Droid\ControlExplorer.Droid.csproj", "{58B4FBA1-4463-436F-9F54-2A8DD1C61F3B}"
EndProject
Project("{FAE04EC0-301F-11D3-BF4B-00C04F79EFBC}") = "ControlExplorer.iOS", "ControlExplorer\ControlExplorer.iOS\ControlExplorer.iOS.csproj", "{5B33759B-265F-4B85-94BE-3DA72B945660}"
EndProject
Project("{FAE04EC0-301F-11D3-BF4B-00C04F79EFBC}") = "ControlExplorer.UWP", "ControlExplorer\ControlExplorer.UWP\ControlExplorer.UWP.csproj", "{E0593B52-9140-40CD-B400-8FCF2F62FE5A}"
EndProject
Project("{FAE04EC0-301F-11D3-BF4B-00C04F79EFBC}") = "ControlExplorer", "ControlExplorer\ControlExplorer\ControlExplorer.csproj", "{A06A8C98-CE09-4E66-8D35-A1C1F6E330AC}"
EndProject
Global
	GlobalSection(SolutionConfigurationPlatforms) = preSolution
		Ad-Hoc|Any CPU = Ad-Hoc|Any CPU
		Ad-Hoc|ARM = Ad-Hoc|ARM
		Ad-Hoc|iPhone = Ad-Hoc|iPhone
		Ad-Hoc|iPhoneSimulator = Ad-Hoc|iPhoneSimulator
		Ad-Hoc|x64 = Ad-Hoc|x64
		Ad-Hoc|x86 = Ad-Hoc|x86
		AppStore|Any CPU = AppStore|Any CPU
		AppStore|ARM = AppStore|ARM
		AppStore|iPhone = AppStore|iPhone
		AppStore|iPhoneSimulator = AppStore|iPhoneSimulator
		AppStore|x64 = AppStore|x64
		AppStore|x86 = AppStore|x86
		Debug|Any CPU = Debug|Any CPU
		Debug|ARM = Debug|ARM
		Debug|iPhone = Debug|iPhone
		Debug|iPhoneSimulator = Debug|iPhoneSimulator
		Debug|x64 = Debug|x64
		Debug|x86 = Debug|x86
		Release|Any CPU = Release|Any CPU
		Release|ARM = Release|ARM
		Release|iPhone = Release|iPhone
		Release|iPhoneSimulator = Release|iPhoneSimulator
		Release|x64 = Release|x64
		Release|x86 = Release|x86
	EndGlobalSection
	GlobalSection(ProjectConfigurationPlatforms) = postSolution
		{58B4FBA1-4463-436F-9F54-2A8DD1C61F3B}.Ad-Hoc|Any CPU.ActiveCfg = Release|Any CPU
		{58B4FBA1-4463-436F-9F54-2A8DD1C61F3B}.Ad-Hoc|Any CPU.Build.0 = Release|Any CPU
		{58B4FBA1-4463-436F-9F54-2A8DD1C61F3B}.Ad-Hoc|Any CPU.Deploy.0 = Release|Any CPU
		{58B4FBA1-4463-436F-9F54-2A8DD1C61F3B}.Ad-Hoc|ARM.ActiveCfg = Release|Any CPU
		{58B4FBA1-4463-436F-9F54-2A8DD1C61F3B}.Ad-Hoc|ARM.Build.0 = Release|Any CPU
		{58B4FBA1-4463-436F-9F54-2A8DD1C61F3B}.Ad-Hoc|ARM.Deploy.0 = Release|Any CPU
		{58B4FBA1-4463-436F-9F54-2A8DD1C61F3B}.Ad-Hoc|iPhone.ActiveCfg = Release|Any CPU
		{58B4FBA1-4463-436F-9F54-2A8DD1C61F3B}.Ad-Hoc|iPhone.Build.0 = Release|Any CPU
		{58B4FBA1-4463-436F-9F54-2A8DD1C61F3B}.Ad-Hoc|iPhone.Deploy.0 = Release|Any CPU
		{58B4FBA1-4463-436F-9F54-2A8DD1C61F3B}.Ad-Hoc|iPhoneSimulator.ActiveCfg = Release|Any CPU
		{58B4FBA1-4463-436F-9F54-2A8DD1C61F3B}.Ad-Hoc|iPhoneSimulator.Build.0 = Release|Any CPU
		{58B4FBA1-4463-436F-9F54-2A8DD1C61F3B}.Ad-Hoc|iPhoneSimulator.Deploy.0 = Release|Any CPU
		{58B4FBA1-4463-436F-9F54-2A8DD1C61F3B}.Ad-Hoc|x64.ActiveCfg = Release|Any CPU
		{58B4FBA1-4463-436F-9F54-2A8DD1C61F3B}.Ad-Hoc|x64.Build.0 = Release|Any CPU
		{58B4FBA1-4463-436F-9F54-2A8DD1C61F3B}.Ad-Hoc|x64.Deploy.0 = Release|Any CPU
		{58B4FBA1-4463-436F-9F54-2A8DD1C61F3B}.Ad-Hoc|x86.ActiveCfg = Release|Any CPU
		{58B4FBA1-4463-436F-9F54-2A8DD1C61F3B}.Ad-Hoc|x86.Build.0 = Release|Any CPU
		{58B4FBA1-4463-436F-9F54-2A8DD1C61F3B}.Ad-Hoc|x86.Deploy.0 = Release|Any CPU
		{58B4FBA1-4463-436F-9F54-2A8DD1C61F3B}.AppStore|Any CPU.ActiveCfg = Release|Any CPU
		{58B4FBA1-4463-436F-9F54-2A8DD1C61F3B}.AppStore|Any CPU.Build.0 = Release|Any CPU
		{58B4FBA1-4463-436F-9F54-2A8DD1C61F3B}.AppStore|Any CPU.Deploy.0 = Release|Any CPU
		{58B4FBA1-4463-436F-9F54-2A8DD1C61F3B}.AppStore|ARM.ActiveCfg = Release|Any CPU
		{58B4FBA1-4463-436F-9F54-2A8DD1C61F3B}.AppStore|ARM.Build.0 = Release|Any CPU
		{58B4FBA1-4463-436F-9F54-2A8DD1C61F3B}.AppStore|ARM.Deploy.0 = Release|Any CPU
		{58B4FBA1-4463-436F-9F54-2A8DD1C61F3B}.AppStore|iPhone.ActiveCfg = Release|Any CPU
		{58B4FBA1-4463-436F-9F54-2A8DD1C61F3B}.AppStore|iPhone.Build.0 = Release|Any CPU
		{58B4FBA1-4463-436F-9F54-2A8DD1C61F3B}.AppStore|iPhone.Deploy.0 = Release|Any CPU
		{58B4FBA1-4463-436F-9F54-2A8DD1C61F3B}.AppStore|iPhoneSimulator.ActiveCfg = Release|Any CPU
		{58B4FBA1-4463-436F-9F54-2A8DD1C61F3B}.AppStore|iPhoneSimulator.Build.0 = Release|Any CPU
		{58B4FBA1-4463-436F-9F54-2A8DD1C61F3B}.AppStore|iPhoneSimulator.Deploy.0 = Release|Any CPU
		{58B4FBA1-4463-436F-9F54-2A8DD1C61F3B}.AppStore|x64.ActiveCfg = Release|Any CPU
		{58B4FBA1-4463-436F-9F54-2A8DD1C61F3B}.AppStore|x64.Build.0 = Release|Any CPU
		{58B4FBA1-4463-436F-9F54-2A8DD1C61F3B}.AppStore|x64.Deploy.0 = Release|Any CPU
		{58B4FBA1-4463-436F-9F54-2A8DD1C61F3B}.AppStore|x86.ActiveCfg = Release|Any CPU
		{58B4FBA1-4463-436F-9F54-2A8DD1C61F3B}.AppStore|x86.Build.0 = Release|Any CPU
		{58B4FBA1-4463-436F-9F54-2A8DD1C61F3B}.AppStore|x86.Deploy.0 = Release|Any CPU
		{58B4FBA1-4463-436F-9F54-2A8DD1C61F3B}.Debug|Any CPU.ActiveCfg = Debug|Any CPU
		{58B4FBA1-4463-436F-9F54-2A8DD1C61F3B}.Debug|Any CPU.Build.0 = Debug|Any CPU
		{58B4FBA1-4463-436F-9F54-2A8DD1C61F3B}.Debug|Any CPU.Deploy.0 = Debug|Any CPU
		{58B4FBA1-4463-436F-9F54-2A8DD1C61F3B}.Debug|ARM.ActiveCfg = Debug|Any CPU
		{58B4FBA1-4463-436F-9F54-2A8DD1C61F3B}.Debug|ARM.Build.0 = Debug|Any CPU
		{58B4FBA1-4463-436F-9F54-2A8DD1C61F3B}.Debug|ARM.Deploy.0 = Debug|Any CPU
		{58B4FBA1-4463-436F-9F54-2A8DD1C61F3B}.Debug|iPhone.ActiveCfg = Debug|Any CPU
		{58B4FBA1-4463-436F-9F54-2A8DD1C61F3B}.Debug|iPhone.Build.0 = Debug|Any CPU
		{58B4FBA1-4463-436F-9F54-2A8DD1C61F3B}.Debug|iPhone.Deploy.0 = Debug|Any CPU
		{58B4FBA1-4463-436F-9F54-2A8DD1C61F3B}.Debug|iPhoneSimulator.ActiveCfg = Debug|Any CPU
		{58B4FBA1-4463-436F-9F54-2A8DD1C61F3B}.Debug|iPhoneSimulator.Build.0 = Debug|Any CPU
		{58B4FBA1-4463-436F-9F54-2A8DD1C61F3B}.Debug|iPhoneSimulator.Deploy.0 = Debug|Any CPU
		{58B4FBA1-4463-436F-9F54-2A8DD1C61F3B}.Debug|x64.ActiveCfg = Debug|Any CPU
		{58B4FBA1-4463-436F-9F54-2A8DD1C61F3B}.Debug|x64.Build.0 = Debug|Any CPU
		{58B4FBA1-4463-436F-9F54-2A8DD1C61F3B}.Debug|x64.Deploy.0 = Debug|Any CPU
		{58B4FBA1-4463-436F-9F54-2A8DD1C61F3B}.Debug|x86.ActiveCfg = Debug|Any CPU
		{58B4FBA1-4463-436F-9F54-2A8DD1C61F3B}.Debug|x86.Build.0 = Debug|Any CPU
		{58B4FBA1-4463-436F-9F54-2A8DD1C61F3B}.Debug|x86.Deploy.0 = Debug|Any CPU
		{58B4FBA1-4463-436F-9F54-2A8DD1C61F3B}.Release|Any CPU.ActiveCfg = Release|Any CPU
		{58B4FBA1-4463-436F-9F54-2A8DD1C61F3B}.Release|Any CPU.Build.0 = Release|Any CPU
		{58B4FBA1-4463-436F-9F54-2A8DD1C61F3B}.Release|Any CPU.Deploy.0 = Release|Any CPU
		{58B4FBA1-4463-436F-9F54-2A8DD1C61F3B}.Release|ARM.ActiveCfg = Release|Any CPU
		{58B4FBA1-4463-436F-9F54-2A8DD1C61F3B}.Release|ARM.Build.0 = Release|Any CPU
		{58B4FBA1-4463-436F-9F54-2A8DD1C61F3B}.Release|ARM.Deploy.0 = Release|Any CPU
		{58B4FBA1-4463-436F-9F54-2A8DD1C61F3B}.Release|iPhone.ActiveCfg = Release|Any CPU
		{58B4FBA1-4463-436F-9F54-2A8DD1C61F3B}.Release|iPhone.Build.0 = Release|Any CPU
		{58B4FBA1-4463-436F-9F54-2A8DD1C61F3B}.Release|iPhone.Deploy.0 = Release|Any CPU
		{58B4FBA1-4463-436F-9F54-2A8DD1C61F3B}.Release|iPhoneSimulator.ActiveCfg = Release|Any CPU
		{58B4FBA1-4463-436F-9F54-2A8DD1C61F3B}.Release|iPhoneSimulator.Build.0 = Release|Any CPU
		{58B4FBA1-4463-436F-9F54-2A8DD1C61F3B}.Release|iPhoneSimulator.Deploy.0 = Release|Any CPU
		{58B4FBA1-4463-436F-9F54-2A8DD1C61F3B}.Release|x64.ActiveCfg = Release|Any CPU
		{58B4FBA1-4463-436F-9F54-2A8DD1C61F3B}.Release|x64.Build.0 = Release|Any CPU
		{58B4FBA1-4463-436F-9F54-2A8DD1C61F3B}.Release|x64.Deploy.0 = Release|Any CPU
		{58B4FBA1-4463-436F-9F54-2A8DD1C61F3B}.Release|x86.ActiveCfg = Release|Any CPU
		{58B4FBA1-4463-436F-9F54-2A8DD1C61F3B}.Release|x86.Build.0 = Release|Any CPU
		{58B4FBA1-4463-436F-9F54-2A8DD1C61F3B}.Release|x86.Deploy.0 = Release|Any CPU
		{5B33759B-265F-4B85-94BE-3DA72B945660}.Ad-Hoc|Any CPU.ActiveCfg = Ad-Hoc|iPhone
		{5B33759B-265F-4B85-94BE-3DA72B945660}.Ad-Hoc|ARM.ActiveCfg = Ad-Hoc|iPhone
		{5B33759B-265F-4B85-94BE-3DA72B945660}.Ad-Hoc|iPhone.ActiveCfg = Ad-Hoc|iPhone
		{5B33759B-265F-4B85-94BE-3DA72B945660}.Ad-Hoc|iPhone.Build.0 = Ad-Hoc|iPhone
		{5B33759B-265F-4B85-94BE-3DA72B945660}.Ad-Hoc|iPhoneSimulator.ActiveCfg = Ad-Hoc|iPhoneSimulator
		{5B33759B-265F-4B85-94BE-3DA72B945660}.Ad-Hoc|iPhoneSimulator.Build.0 = Ad-Hoc|iPhoneSimulator
		{5B33759B-265F-4B85-94BE-3DA72B945660}.Ad-Hoc|x64.ActiveCfg = Ad-Hoc|iPhone
		{5B33759B-265F-4B85-94BE-3DA72B945660}.Ad-Hoc|x86.ActiveCfg = Ad-Hoc|iPhone
		{5B33759B-265F-4B85-94BE-3DA72B945660}.AppStore|Any CPU.ActiveCfg = AppStore|iPhone
		{5B33759B-265F-4B85-94BE-3DA72B945660}.AppStore|ARM.ActiveCfg = AppStore|iPhone
		{5B33759B-265F-4B85-94BE-3DA72B945660}.AppStore|iPhone.ActiveCfg = AppStore|iPhone
		{5B33759B-265F-4B85-94BE-3DA72B945660}.AppStore|iPhone.Build.0 = AppStore|iPhone
		{5B33759B-265F-4B85-94BE-3DA72B945660}.AppStore|iPhoneSimulator.ActiveCfg = AppStore|iPhoneSimulator
		{5B33759B-265F-4B85-94BE-3DA72B945660}.AppStore|iPhoneSimulator.Build.0 = AppStore|iPhoneSimulator
		{5B33759B-265F-4B85-94BE-3DA72B945660}.AppStore|x64.ActiveCfg = AppStore|iPhone
		{5B33759B-265F-4B85-94BE-3DA72B945660}.AppStore|x86.ActiveCfg = AppStore|iPhone
		{5B33759B-265F-4B85-94BE-3DA72B945660}.Debug|Any CPU.ActiveCfg = Debug|iPhoneSimulator
		{5B33759B-265F-4B85-94BE-3DA72B945660}.Debug|Any CPU.Build.0 = Debug|iPhoneSimulator
		{5B33759B-265F-4B85-94BE-3DA72B945660}.Debug|ARM.ActiveCfg = Debug|iPhone
		{5B33759B-265F-4B85-94BE-3DA72B945660}.Debug|iPhone.ActiveCfg = Debug|iPhone
		{5B33759B-265F-4B85-94BE-3DA72B945660}.Debug|iPhone.Build.0 = Debug|iPhone
		{5B33759B-265F-4B85-94BE-3DA72B945660}.Debug|iPhoneSimulator.ActiveCfg = Debug|iPhoneSimulator
		{5B33759B-265F-4B85-94BE-3DA72B945660}.Debug|iPhoneSimulator.Build.0 = Debug|iPhoneSimulator
		{5B33759B-265F-4B85-94BE-3DA72B945660}.Debug|x64.ActiveCfg = Debug|iPhone
		{5B33759B-265F-4B85-94BE-3DA72B945660}.Debug|x86.ActiveCfg = Debug|iPhone
		{5B33759B-265F-4B85-94BE-3DA72B945660}.Release|Any CPU.ActiveCfg = Release|iPhone
		{5B33759B-265F-4B85-94BE-3DA72B945660}.Release|ARM.ActiveCfg = Release|iPhone
		{5B33759B-265F-4B85-94BE-3DA72B945660}.Release|iPhone.ActiveCfg = Release|iPhone
		{5B33759B-265F-4B85-94BE-3DA72B945660}.Release|iPhone.Build.0 = Release|iPhone
		{5B33759B-265F-4B85-94BE-3DA72B945660}.Release|iPhoneSimulator.ActiveCfg = Release|iPhoneSimulator
		{5B33759B-265F-4B85-94BE-3DA72B945660}.Release|iPhoneSimulator.Build.0 = Release|iPhoneSimulator
		{5B33759B-265F-4B85-94BE-3DA72B945660}.Release|x64.ActiveCfg = Release|iPhone
		{5B33759B-265F-4B85-94BE-3DA72B945660}.Release|x86.ActiveCfg = Release|iPhone
		{E0593B52-9140-40CD-B400-8FCF2F62FE5A}.Ad-Hoc|Any CPU.ActiveCfg = Release|x86
		{E0593B52-9140-40CD-B400-8FCF2F62FE5A}.Ad-Hoc|Any CPU.Build.0 = Release|x86
		{E0593B52-9140-40CD-B400-8FCF2F62FE5A}.Ad-Hoc|Any CPU.Deploy.0 = Release|x86
		{E0593B52-9140-40CD-B400-8FCF2F62FE5A}.Ad-Hoc|ARM.ActiveCfg = Release|ARM
		{E0593B52-9140-40CD-B400-8FCF2F62FE5A}.Ad-Hoc|ARM.Build.0 = Release|ARM
		{E0593B52-9140-40CD-B400-8FCF2F62FE5A}.Ad-Hoc|ARM.Deploy.0 = Release|ARM
		{E0593B52-9140-40CD-B400-8FCF2F62FE5A}.Ad-Hoc|iPhone.ActiveCfg = Release|x86
		{E0593B52-9140-40CD-B400-8FCF2F62FE5A}.Ad-Hoc|iPhone.Build.0 = Release|x86
		{E0593B52-9140-40CD-B400-8FCF2F62FE5A}.Ad-Hoc|iPhone.Deploy.0 = Release|x86
		{E0593B52-9140-40CD-B400-8FCF2F62FE5A}.Ad-Hoc|iPhoneSimulator.ActiveCfg = Release|x86
		{E0593B52-9140-40CD-B400-8FCF2F62FE5A}.Ad-Hoc|iPhoneSimulator.Build.0 = Release|x86
		{E0593B52-9140-40CD-B400-8FCF2F62FE5A}.Ad-Hoc|iPhoneSimulator.Deploy.0 = Release|x86
		{E0593B52-9140-40CD-B400-8FCF2F62FE5A}.Ad-Hoc|x64.ActiveCfg = Release|x64
		{E0593B52-9140-40CD-B400-8FCF2F62FE5A}.Ad-Hoc|x64.Build.0 = Release|x64
		{E0593B52-9140-40CD-B400-8FCF2F62FE5A}.Ad-Hoc|x64.Deploy.0 = Release|x64
		{E0593B52-9140-40CD-B400-8FCF2F62FE5A}.Ad-Hoc|x86.ActiveCfg = Release|x86
		{E0593B52-9140-40CD-B400-8FCF2F62FE5A}.Ad-Hoc|x86.Build.0 = Release|x86
		{E0593B52-9140-40CD-B400-8FCF2F62FE5A}.Ad-Hoc|x86.Deploy.0 = Release|x86
		{E0593B52-9140-40CD-B400-8FCF2F62FE5A}.AppStore|Any CPU.ActiveCfg = Release|x86
		{E0593B52-9140-40CD-B400-8FCF2F62FE5A}.AppStore|Any CPU.Build.0 = Release|x86
		{E0593B52-9140-40CD-B400-8FCF2F62FE5A}.AppStore|Any CPU.Deploy.0 = Release|x86
		{E0593B52-9140-40CD-B400-8FCF2F62FE5A}.AppStore|ARM.ActiveCfg = Release|ARM
		{E0593B52-9140-40CD-B400-8FCF2F62FE5A}.AppStore|ARM.Build.0 = Release|ARM
		{E0593B52-9140-40CD-B400-8FCF2F62FE5A}.AppStore|ARM.Deploy.0 = Release|ARM
		{E0593B52-9140-40CD-B400-8FCF2F62FE5A}.AppStore|iPhone.ActiveCfg = Release|x86
		{E0593B52-9140-40CD-B400-8FCF2F62FE5A}.AppStore|iPhone.Build.0 = Release|x86
		{E0593B52-9140-40CD-B400-8FCF2F62FE5A}.AppStore|iPhone.Deploy.0 = Release|x86
		{E0593B52-9140-40CD-B400-8FCF2F62FE5A}.AppStore|iPhoneSimulator.ActiveCfg = Release|x86
		{E0593B52-9140-40CD-B400-8FCF2F62FE5A}.AppStore|iPhoneSimulator.Build.0 = Release|x86
		{E0593B52-9140-40CD-B400-8FCF2F62FE5A}.AppStore|iPhoneSimulator.Deploy.0 = Release|x86
		{E0593B52-9140-40CD-B400-8FCF2F62FE5A}.AppStore|x64.ActiveCfg = Release|x64
		{E0593B52-9140-40CD-B400-8FCF2F62FE5A}.AppStore|x64.Build.0 = Release|x64
		{E0593B52-9140-40CD-B400-8FCF2F62FE5A}.AppStore|x64.Deploy.0 = Release|x64
		{E0593B52-9140-40CD-B400-8FCF2F62FE5A}.AppStore|x86.ActiveCfg = Release|x86
		{E0593B52-9140-40CD-B400-8FCF2F62FE5A}.AppStore|x86.Build.0 = Release|x86
		{E0593B52-9140-40CD-B400-8FCF2F62FE5A}.AppStore|x86.Deploy.0 = Release|x86
		{E0593B52-9140-40CD-B400-8FCF2F62FE5A}.Debug|Any CPU.ActiveCfg = Debug|x86
		{E0593B52-9140-40CD-B400-8FCF2F62FE5A}.Debug|Any CPU.Build.0 = Debug|x86
		{E0593B52-9140-40CD-B400-8FCF2F62FE5A}.Debug|Any CPU.Deploy.0 = Debug|x86
		{E0593B52-9140-40CD-B400-8FCF2F62FE5A}.Debug|ARM.ActiveCfg = Debug|ARM
		{E0593B52-9140-40CD-B400-8FCF2F62FE5A}.Debug|ARM.Build.0 = Debug|ARM
		{E0593B52-9140-40CD-B400-8FCF2F62FE5A}.Debug|ARM.Deploy.0 = Debug|ARM
		{E0593B52-9140-40CD-B400-8FCF2F62FE5A}.Debug|iPhone.ActiveCfg = Debug|x86
		{E0593B52-9140-40CD-B400-8FCF2F62FE5A}.Debug|iPhoneSimulator.ActiveCfg = Debug|x86
		{E0593B52-9140-40CD-B400-8FCF2F62FE5A}.Debug|x64.ActiveCfg = Debug|x64
		{E0593B52-9140-40CD-B400-8FCF2F62FE5A}.Debug|x64.Build.0 = Debug|x64
		{E0593B52-9140-40CD-B400-8FCF2F62FE5A}.Debug|x64.Deploy.0 = Debug|x64
		{E0593B52-9140-40CD-B400-8FCF2F62FE5A}.Debug|x86.ActiveCfg = Debug|x86
		{E0593B52-9140-40CD-B400-8FCF2F62FE5A}.Debug|x86.Build.0 = Debug|x86
		{E0593B52-9140-40CD-B400-8FCF2F62FE5A}.Debug|x86.Deploy.0 = Debug|x86
		{E0593B52-9140-40CD-B400-8FCF2F62FE5A}.Release|Any CPU.ActiveCfg = Release|x86
		{E0593B52-9140-40CD-B400-8FCF2F62FE5A}.Release|ARM.ActiveCfg = Release|ARM
		{E0593B52-9140-40CD-B400-8FCF2F62FE5A}.Release|ARM.Build.0 = Release|ARM
		{E0593B52-9140-40CD-B400-8FCF2F62FE5A}.Release|ARM.Deploy.0 = Release|ARM
		{E0593B52-9140-40CD-B400-8FCF2F62FE5A}.Release|iPhone.ActiveCfg = Release|x86
		{E0593B52-9140-40CD-B400-8FCF2F62FE5A}.Release|iPhoneSimulator.ActiveCfg = Release|x86
		{E0593B52-9140-40CD-B400-8FCF2F62FE5A}.Release|x64.ActiveCfg = Release|x64
		{E0593B52-9140-40CD-B400-8FCF2F62FE5A}.Release|x64.Build.0 = Release|x64
		{E0593B52-9140-40CD-B400-8FCF2F62FE5A}.Release|x64.Deploy.0 = Release|x64
		{E0593B52-9140-40CD-B400-8FCF2F62FE5A}.Release|x86.ActiveCfg = Release|x86
		{E0593B52-9140-40CD-B400-8FCF2F62FE5A}.Release|x86.Build.0 = Release|x86
		{E0593B52-9140-40CD-B400-8FCF2F62FE5A}.Release|x86.Deploy.0 = Release|x86
		{A06A8C98-CE09-4E66-8D35-A1C1F6E330AC}.Ad-Hoc|Any CPU.ActiveCfg = Release|Any CPU
		{A06A8C98-CE09-4E66-8D35-A1C1F6E330AC}.Ad-Hoc|Any CPU.Build.0 = Release|Any CPU
		{A06A8C98-CE09-4E66-8D35-A1C1F6E330AC}.Ad-Hoc|ARM.ActiveCfg = Release|Any CPU
		{A06A8C98-CE09-4E66-8D35-A1C1F6E330AC}.Ad-Hoc|ARM.Build.0 = Release|Any CPU
		{A06A8C98-CE09-4E66-8D35-A1C1F6E330AC}.Ad-Hoc|iPhone.ActiveCfg = Release|Any CPU
		{A06A8C98-CE09-4E66-8D35-A1C1F6E330AC}.Ad-Hoc|iPhone.Build.0 = Release|Any CPU
		{A06A8C98-CE09-4E66-8D35-A1C1F6E330AC}.Ad-Hoc|iPhoneSimulator.ActiveCfg = Release|Any CPU
		{A06A8C98-CE09-4E66-8D35-A1C1F6E330AC}.Ad-Hoc|iPhoneSimulator.Build.0 = Release|Any CPU
		{A06A8C98-CE09-4E66-8D35-A1C1F6E330AC}.Ad-Hoc|x64.ActiveCfg = Release|Any CPU
		{A06A8C98-CE09-4E66-8D35-A1C1F6E330AC}.Ad-Hoc|x64.Build.0 = Release|Any CPU
		{A06A8C98-CE09-4E66-8D35-A1C1F6E330AC}.Ad-Hoc|x86.ActiveCfg = Release|Any CPU
		{A06A8C98-CE09-4E66-8D35-A1C1F6E330AC}.Ad-Hoc|x86.Build.0 = Release|Any CPU
		{A06A8C98-CE09-4E66-8D35-A1C1F6E330AC}.AppStore|Any CPU.ActiveCfg = Release|Any CPU
		{A06A8C98-CE09-4E66-8D35-A1C1F6E330AC}.AppStore|Any CPU.Build.0 = Release|Any CPU
		{A06A8C98-CE09-4E66-8D35-A1C1F6E330AC}.AppStore|ARM.ActiveCfg = Release|Any CPU
		{A06A8C98-CE09-4E66-8D35-A1C1F6E330AC}.AppStore|ARM.Build.0 = Release|Any CPU
		{A06A8C98-CE09-4E66-8D35-A1C1F6E330AC}.AppStore|iPhone.ActiveCfg = Release|Any CPU
		{A06A8C98-CE09-4E66-8D35-A1C1F6E330AC}.AppStore|iPhone.Build.0 = Release|Any CPU
		{A06A8C98-CE09-4E66-8D35-A1C1F6E330AC}.AppStore|iPhoneSimulator.ActiveCfg = Release|Any CPU
		{A06A8C98-CE09-4E66-8D35-A1C1F6E330AC}.AppStore|iPhoneSimulator.Build.0 = Release|Any CPU
		{A06A8C98-CE09-4E66-8D35-A1C1F6E330AC}.AppStore|x64.ActiveCfg = Release|Any CPU
		{A06A8C98-CE09-4E66-8D35-A1C1F6E330AC}.AppStore|x64.Build.0 = Release|Any CPU
		{A06A8C98-CE09-4E66-8D35-A1C1F6E330AC}.AppStore|x86.ActiveCfg = Release|Any CPU
		{A06A8C98-CE09-4E66-8D35-A1C1F6E330AC}.AppStore|x86.Build.0 = Release|Any CPU
		{A06A8C98-CE09-4E66-8D35-A1C1F6E330AC}.Debug|Any CPU.ActiveCfg = Debug|Any CPU
		{A06A8C98-CE09-4E66-8D35-A1C1F6E330AC}.Debug|Any CPU.Build.0 = Debug|Any CPU
		{A06A8C98-CE09-4E66-8D35-A1C1F6E330AC}.Debug|ARM.ActiveCfg = Debug|Any CPU
		{A06A8C98-CE09-4E66-8D35-A1C1F6E330AC}.Debug|ARM.Build.0 = Debug|Any CPU
		{A06A8C98-CE09-4E66-8D35-A1C1F6E330AC}.Debug|iPhone.ActiveCfg = Debug|Any CPU
		{A06A8C98-CE09-4E66-8D35-A1C1F6E330AC}.Debug|iPhone.Build.0 = Debug|Any CPU
		{A06A8C98-CE09-4E66-8D35-A1C1F6E330AC}.Debug|iPhoneSimulator.ActiveCfg = Debug|Any CPU
		{A06A8C98-CE09-4E66-8D35-A1C1F6E330AC}.Debug|iPhoneSimulator.Build.0 = Debug|Any CPU
		{A06A8C98-CE09-4E66-8D35-A1C1F6E330AC}.Debug|x64.ActiveCfg = Debug|Any CPU
		{A06A8C98-CE09-4E66-8D35-A1C1F6E330AC}.Debug|x64.Build.0 = Debug|Any CPU
		{A06A8C98-CE09-4E66-8D35-A1C1F6E330AC}.Debug|x86.ActiveCfg = Debug|Any CPU
		{A06A8C98-CE09-4E66-8D35-A1C1F6E330AC}.Debug|x86.Build.0 = Debug|Any CPU
		{A06A8C98-CE09-4E66-8D35-A1C1F6E330AC}.Release|Any CPU.ActiveCfg = Release|Any CPU
		{A06A8C98-CE09-4E66-8D35-A1C1F6E330AC}.Release|Any CPU.Build.0 = Release|Any CPU
		{A06A8C98-CE09-4E66-8D35-A1C1F6E330AC}.Release|ARM.ActiveCfg = Release|Any CPU
		{A06A8C98-CE09-4E66-8D35-A1C1F6E330AC}.Release|ARM.Build.0 = Release|Any CPU
		{A06A8C98-CE09-4E66-8D35-A1C1F6E330AC}.Release|iPhone.ActiveCfg = Release|Any CPU
		{A06A8C98-CE09-4E66-8D35-A1C1F6E330AC}.Release|iPhone.Build.0 = Release|Any CPU
		{A06A8C98-CE09-4E66-8D35-A1C1F6E330AC}.Release|iPhoneSimulator.ActiveCfg = Release|Any CPU
		{A06A8C98-CE09-4E66-8D35-A1C1F6E330AC}.Release|iPhoneSimulator.Build.0 = Release|Any CPU
		{A06A8C98-CE09-4E66-8D35-A1C1F6E330AC}.Release|x64.ActiveCfg = Release|Any CPU
		{A06A8C98-CE09-4E66-8D35-A1C1F6E330AC}.Release|x64.Build.0 = Release|Any CPU
		{A06A8C98-CE09-4E66-8D35-A1C1F6E330AC}.Release|x86.ActiveCfg = Release|Any CPU
		{A06A8C98-CE09-4E66-8D35-A1C1F6E330AC}.Release|x86.Build.0 = Release|Any CPU
	EndGlobalSection
	GlobalSection(SolutionProperties) = preSolution
		HideSolutionNode = FALSE
	EndGlobalSection
EndGlobal
